
Microsoft Visual Studio Solution File, Format Version 12.00
# Visual Studio Version 17
VisualStudioVersion = 17.5.33502.453
MinimumVisualStudioVersion = 10.0.40219.1
Project("{9A19103F-16F7-4668-BE54-9A1E7A4F7556}") = "TestAlert", "TestAlert\TestAlert.csproj", "{F85C348C-AC97-45B7-897E-0A2A4AA15221}"
EndProject
Global
	GlobalSection(SolutionConfigurationPlatforms) = preSolution
		Debug|Any CPU = Debug|Any CPU
		Release|Any CPU = Release|Any CPU
	EndGlobalSection
	GlobalSection(ProjectConfigurationPlatforms) = postSolution
		{F85C348C-AC97-45B7-897E-0A2A4AA15221}.Debug|Any CPU.ActiveCfg = Debug|Any CPU
		{F85C348C-AC97-45B7-897E-0A2A4AA15221}.Debug|Any CPU.Build.0 = Debug|Any CPU
		{F85C348C-AC97-45B7-897E-0A2A4AA15221}.Release|Any CPU.ActiveCfg = Release|Any CPU
		{F85C348C-AC97-45B7-897E-0A2A4AA15221}.Release|Any CPU.Build.0 = Release|Any CPU
	EndGlobalSection
	GlobalSection(SolutionProperties) = preSolution
		HideSolutionNode = FALSE
	EndGlobalSection
	GlobalSection(ExtensibilityGlobals) = postSolution
		SolutionGuid = {02403408-6BCA-49E8-994E-67AED280587E}
	EndGlobalSection
EndGlobal
